// !$*UTF8*$!
{
	archiveVersion = 1;
	classes = {
	};
	objectVersion = 56;
	objects = {

/* Begin PBXBuildFile section */
		7B09E6EF2BF1D91800248D0B /* SearchViewController.swift in Sources */ = {isa = PBXBuildFile; fileRef = 7B09E6ED2BF1D91800248D0B /* SearchViewController.swift */; };
		9545B8072BF3085300EE36B8 /* MainViewController.swift in Sources */ = {isa = PBXBuildFile; fileRef = 9545B8062BF3085300EE36B8 /* MainViewController.swift */; };
		9545B8092BF3252800EE36B8 /* StatusCell.swift in Sources */ = {isa = PBXBuildFile; fileRef = 9545B8082BF3252800EE36B8 /* StatusCell.swift */; };
		9545B80B2BF3255A00EE36B8 /* TodayWeatherCell.swift in Sources */ = {isa = PBXBuildFile; fileRef = 9545B80A2BF3255A00EE36B8 /* TodayWeatherCell.swift */; };
		95B07D9F2BF3C6BB00F80AC5 /* Alata-Regular in Resources */ = {isa = PBXBuildFile; fileRef = 95B07D9E2BF3C6BB00F80AC5 /* Alata-Regular */; };
		95CB6EB62BF7604500C56685 /* StatusCellModel.swift in Sources */ = {isa = PBXBuildFile; fileRef = 95CB6EB52BF7604500C56685 /* StatusCellModel.swift */; };
		95FE07DF2BF336F0004D2139 /* WeatherData.swift in Sources */ = {isa = PBXBuildFile; fileRef = 95FE07DE2BF336F0004D2139 /* WeatherData.swift */; };
		95FE07E22BF35203004D2139 /* WeekWeatherCell.swift in Sources */ = {isa = PBXBuildFile; fileRef = 95FE07E12BF35203004D2139 /* WeekWeatherCell.swift */; };
		FFE5DCB72BF1B463004EE3F7 /* AppDelegate.swift in Sources */ = {isa = PBXBuildFile; fileRef = FFE5DCB62BF1B463004EE3F7 /* AppDelegate.swift */; };
		FFE5DCB92BF1B463004EE3F7 /* SceneDelegate.swift in Sources */ = {isa = PBXBuildFile; fileRef = FFE5DCB82BF1B463004EE3F7 /* SceneDelegate.swift */; };
		FFE5DCBB2BF1B463004EE3F7 /* ViewController.swift in Sources */ = {isa = PBXBuildFile; fileRef = FFE5DCBA2BF1B463004EE3F7 /* ViewController.swift */; };
		FFE5DCC12BF1B464004EE3F7 /* Weather4U.xcdatamodeld in Sources */ = {isa = PBXBuildFile; fileRef = FFE5DCBF2BF1B463004EE3F7 /* Weather4U.xcdatamodeld */; };
		FFE5DCC32BF1B465004EE3F7 /* Assets.xcassets in Resources */ = {isa = PBXBuildFile; fileRef = FFE5DCC22BF1B465004EE3F7 /* Assets.xcassets */; };
		FFE5DCC62BF1B465004EE3F7 /* Base in Resources */ = {isa = PBXBuildFile; fileRef = FFE5DCC52BF1B465004EE3F7 /* Base */; };
		FFE5DCE32BF1E491004EE3F7 /* NetworkManager.swift in Sources */ = {isa = PBXBuildFile; fileRef = FFE5DCE22BF1E491004EE3F7 /* NetworkManager.swift */; };
		FFE5DCE52BF203E6004EE3F7 /* CategoryManager.swift in Sources */ = {isa = PBXBuildFile; fileRef = FFE5DCE42BF203E6004EE3F7 /* CategoryManager.swift */; };
		FFE5DCED2BF30302004EE3F7 /* BaseViewController.swift in Sources */ = {isa = PBXBuildFile; fileRef = FFE5DCEC2BF30302004EE3F7 /* BaseViewController.swift */; };
		FFE5DCF12BF3057C004EE3F7 /* MyWeatherPageTableViewCell.swift in Sources */ = {isa = PBXBuildFile; fileRef = FFE5DCEE2BF3057C004EE3F7 /* MyWeatherPageTableViewCell.swift */; };
		FFE5DCF22BF3057C004EE3F7 /* MyWeatherPageTableViewController.swift in Sources */ = {isa = PBXBuildFile; fileRef = FFE5DCEF2BF3057C004EE3F7 /* MyWeatherPageTableViewController.swift */; };
		FFE5DCF32BF3057C004EE3F7 /* MyWeatherPageViewController.swift in Sources */ = {isa = PBXBuildFile; fileRef = FFE5DCF02BF3057C004EE3F7 /* MyWeatherPageViewController.swift */; };
		FFE5DCF52BF309E0004EE3F7 /* LocationData.swift in Sources */ = {isa = PBXBuildFile; fileRef = FFE5DCF42BF309E0004EE3F7 /* LocationData.swift */; };
		FFE5DCF92BF30CF0004EE3F7 /* JSONManager.swift in Sources */ = {isa = PBXBuildFile; fileRef = FFE5DCF82BF30CF0004EE3F7 /* JSONManager.swift */; };
		FFE5DCFD2BF32AF3004EE3F7 /* weatherLocationData.json in Resources */ = {isa = PBXBuildFile; fileRef = FFE5DCFC2BF32AF3004EE3F7 /* weatherLocationData.json */; };
		FFE5DCFF2BF32C73004EE3F7 /* WeatherSentenceData.swift in Sources */ = {isa = PBXBuildFile; fileRef = FFE5DCFE2BF32C73004EE3F7 /* WeatherSentenceData.swift */; };
		FFE5DD012BF3630A004EE3F7 /* WeatherStatusData.swift in Sources */ = {isa = PBXBuildFile; fileRef = FFE5DD002BF3630A004EE3F7 /* WeatherStatusData.swift */; };
		FFE5DD032BF36AD6004EE3F7 /* WeatherTemperatureData.swift in Sources */ = {isa = PBXBuildFile; fileRef = FFE5DD022BF36AD6004EE3F7 /* WeatherTemperatureData.swift */; };
		FFE5DD072BF38B18004EE3F7 /* weatherTemperatureLocationData.json in Resources */ = {isa = PBXBuildFile; fileRef = FFE5DD042BF38B18004EE3F7 /* weatherTemperatureLocationData.json */; };
		FFE5DD082BF38B18004EE3F7 /* weatherStatusLocationData.json in Resources */ = {isa = PBXBuildFile; fileRef = FFE5DD052BF38B18004EE3F7 /* weatherStatusLocationData.json */; };
		FFE5DD092BF38B18004EE3F7 /* weatherSentenceLocationData.json in Resources */ = {isa = PBXBuildFile; fileRef = FFE5DD062BF38B18004EE3F7 /* weatherSentenceLocationData.json */; };
		FFE5DD0B2BF5A798004EE3F7 /* ChartCollectionViewCell.swift in Sources */ = {isa = PBXBuildFile; fileRef = FFE5DD0A2BF5A798004EE3F7 /* ChartCollectionViewCell.swift */; };
		FFE5DD1B2BF6ED5C004EE3F7 /* Alamofire in Frameworks */ = {isa = PBXBuildFile; productRef = FFE5DD1A2BF6ED5C004EE3F7 /* Alamofire */; };
		FFE5DD1E2BF6ED73004EE3F7 /* Kingfisher in Frameworks */ = {isa = PBXBuildFile; productRef = FFE5DD1D2BF6ED73004EE3F7 /* Kingfisher */; };
		FFE5DD212BF6EDA2004EE3F7 /* Then in Frameworks */ = {isa = PBXBuildFile; productRef = FFE5DD202BF6EDA2004EE3F7 /* Then */; };
		FFE5DD242BF6EDB2004EE3F7 /* SnapKit in Frameworks */ = {isa = PBXBuildFile; productRef = FFE5DD232BF6EDB2004EE3F7 /* SnapKit */; };
		FFE5DD272BF6EDD2004EE3F7 /* DGCharts in Frameworks */ = {isa = PBXBuildFile; productRef = FFE5DD262BF6EDD2004EE3F7 /* DGCharts */; };
		FFE5DD2A2BF78406004EE3F7 /* Alamofire in Frameworks */ = {isa = PBXBuildFile; productRef = FFE5DD292BF78406004EE3F7 /* Alamofire */; };
		FFE5DD2E2BFAEB39004EE3F7 /* CoreDataManager.swift in Sources */ = {isa = PBXBuildFile; fileRef = FFE5DD2D2BFAEB39004EE3F7 /* CoreDataManager.swift */; };
		FFE5DD302BFAEE2B004EE3F7 /* DataReloadDelegate.swift in Sources */ = {isa = PBXBuildFile; fileRef = FFE5DD2F2BFAEE2B004EE3F7 /* DataReloadDelegate.swift */; };
/* End PBXBuildFile section */

/* Begin PBXCopyFilesBuildPhase section */
		7B01FB6A2BF468690063BADA /* Embed Frameworks */ = {
			isa = PBXCopyFilesBuildPhase;
			buildActionMask = 2147483647;
			dstPath = "";
			dstSubfolderSpec = 10;
			files = (
			);
			name = "Embed Frameworks";
			runOnlyForDeploymentPostprocessing = 0;
		};
/* End PBXCopyFilesBuildPhase section */

/* Begin PBXFileReference section */
		7B09E6ED2BF1D91800248D0B /* SearchViewController.swift */ = {isa = PBXFileReference; lastKnownFileType = sourcecode.swift; path = SearchViewController.swift; sourceTree = "<group>"; };
		9545B8062BF3085300EE36B8 /* MainViewController.swift */ = {isa = PBXFileReference; lastKnownFileType = sourcecode.swift; path = MainViewController.swift; sourceTree = "<group>"; };
		9545B8082BF3252800EE36B8 /* StatusCell.swift */ = {isa = PBXFileReference; lastKnownFileType = sourcecode.swift; path = StatusCell.swift; sourceTree = "<group>"; };
		9545B80A2BF3255A00EE36B8 /* TodayWeatherCell.swift */ = {isa = PBXFileReference; lastKnownFileType = sourcecode.swift; path = TodayWeatherCell.swift; sourceTree = "<group>"; };
		95B07D9E2BF3C6BB00F80AC5 /* Alata-Regular */ = {isa = PBXFileReference; lastKnownFileType = file; path = "Alata-Regular"; sourceTree = "<group>"; };
		95CB6EB52BF7604500C56685 /* StatusCellModel.swift */ = {isa = PBXFileReference; lastKnownFileType = sourcecode.swift; path = StatusCellModel.swift; sourceTree = "<group>"; };
		95FE07DE2BF336F0004D2139 /* WeatherData.swift */ = {isa = PBXFileReference; fileEncoding = 4; lastKnownFileType = sourcecode.swift; path = WeatherData.swift; sourceTree = "<group>"; };
		95FE07E12BF35203004D2139 /* WeekWeatherCell.swift */ = {isa = PBXFileReference; lastKnownFileType = sourcecode.swift; path = WeekWeatherCell.swift; sourceTree = "<group>"; };
		FFE5DCB32BF1B463004EE3F7 /* Weather4U.app */ = {isa = PBXFileReference; explicitFileType = wrapper.application; includeInIndex = 0; path = Weather4U.app; sourceTree = BUILT_PRODUCTS_DIR; };
		FFE5DCB62BF1B463004EE3F7 /* AppDelegate.swift */ = {isa = PBXFileReference; lastKnownFileType = sourcecode.swift; path = AppDelegate.swift; sourceTree = "<group>"; };
		FFE5DCB82BF1B463004EE3F7 /* SceneDelegate.swift */ = {isa = PBXFileReference; lastKnownFileType = sourcecode.swift; path = SceneDelegate.swift; sourceTree = "<group>"; };
		FFE5DCBA2BF1B463004EE3F7 /* ViewController.swift */ = {isa = PBXFileReference; lastKnownFileType = sourcecode.swift; path = ViewController.swift; sourceTree = "<group>"; };
		FFE5DCBD2BF1B463004EE3F7 /* Base */ = {isa = PBXFileReference; lastKnownFileType = file.storyboard; name = Base; path = Base.lproj/Main.storyboard; sourceTree = "<group>"; };
		FFE5DCC02BF1B463004EE3F7 /* Weather4U.xcdatamodel */ = {isa = PBXFileReference; lastKnownFileType = wrapper.xcdatamodel; path = Weather4U.xcdatamodel; sourceTree = "<group>"; };
		FFE5DCC22BF1B465004EE3F7 /* Assets.xcassets */ = {isa = PBXFileReference; lastKnownFileType = folder.assetcatalog; path = Assets.xcassets; sourceTree = "<group>"; };
		FFE5DCC52BF1B465004EE3F7 /* Base */ = {isa = PBXFileReference; lastKnownFileType = file.storyboard; name = Base; path = Base.lproj/LaunchScreen.storyboard; sourceTree = "<group>"; };
		FFE5DCC72BF1B465004EE3F7 /* Info.plist */ = {isa = PBXFileReference; lastKnownFileType = text.plist.xml; path = Info.plist; sourceTree = "<group>"; };
		FFE5DCE22BF1E491004EE3F7 /* NetworkManager.swift */ = {isa = PBXFileReference; lastKnownFileType = sourcecode.swift; path = NetworkManager.swift; sourceTree = "<group>"; };
		FFE5DCE42BF203E6004EE3F7 /* CategoryManager.swift */ = {isa = PBXFileReference; lastKnownFileType = sourcecode.swift; path = CategoryManager.swift; sourceTree = "<group>"; };
		FFE5DCEC2BF30302004EE3F7 /* BaseViewController.swift */ = {isa = PBXFileReference; lastKnownFileType = sourcecode.swift; path = BaseViewController.swift; sourceTree = "<group>"; };
		FFE5DCEE2BF3057C004EE3F7 /* MyWeatherPageTableViewCell.swift */ = {isa = PBXFileReference; fileEncoding = 4; lastKnownFileType = sourcecode.swift; path = MyWeatherPageTableViewCell.swift; sourceTree = "<group>"; };
		FFE5DCEF2BF3057C004EE3F7 /* MyWeatherPageTableViewController.swift */ = {isa = PBXFileReference; fileEncoding = 4; lastKnownFileType = sourcecode.swift; path = MyWeatherPageTableViewController.swift; sourceTree = "<group>"; };
		FFE5DCF02BF3057C004EE3F7 /* MyWeatherPageViewController.swift */ = {isa = PBXFileReference; fileEncoding = 4; lastKnownFileType = sourcecode.swift; path = MyWeatherPageViewController.swift; sourceTree = "<group>"; };
		FFE5DCF42BF309E0004EE3F7 /* LocationData.swift */ = {isa = PBXFileReference; lastKnownFileType = sourcecode.swift; path = LocationData.swift; sourceTree = "<group>"; };
		FFE5DCF82BF30CF0004EE3F7 /* JSONManager.swift */ = {isa = PBXFileReference; lastKnownFileType = sourcecode.swift; path = JSONManager.swift; sourceTree = "<group>"; };
		FFE5DCFC2BF32AF3004EE3F7 /* weatherLocationData.json */ = {isa = PBXFileReference; fileEncoding = 4; lastKnownFileType = text.json; path = weatherLocationData.json; sourceTree = "<group>"; };
		FFE5DCFE2BF32C73004EE3F7 /* WeatherSentenceData.swift */ = {isa = PBXFileReference; lastKnownFileType = sourcecode.swift; path = WeatherSentenceData.swift; sourceTree = "<group>"; };
		FFE5DD002BF3630A004EE3F7 /* WeatherStatusData.swift */ = {isa = PBXFileReference; lastKnownFileType = sourcecode.swift; path = WeatherStatusData.swift; sourceTree = "<group>"; };
		FFE5DD022BF36AD6004EE3F7 /* WeatherTemperatureData.swift */ = {isa = PBXFileReference; lastKnownFileType = sourcecode.swift; path = WeatherTemperatureData.swift; sourceTree = "<group>"; };
		FFE5DD042BF38B18004EE3F7 /* weatherTemperatureLocationData.json */ = {isa = PBXFileReference; fileEncoding = 4; lastKnownFileType = text.json; path = weatherTemperatureLocationData.json; sourceTree = "<group>"; };
		FFE5DD052BF38B18004EE3F7 /* weatherStatusLocationData.json */ = {isa = PBXFileReference; fileEncoding = 4; lastKnownFileType = text.json; path = weatherStatusLocationData.json; sourceTree = "<group>"; };
		FFE5DD062BF38B18004EE3F7 /* weatherSentenceLocationData.json */ = {isa = PBXFileReference; fileEncoding = 4; lastKnownFileType = text.json; path = weatherSentenceLocationData.json; sourceTree = "<group>"; };
		FFE5DD0A2BF5A798004EE3F7 /* ChartCollectionViewCell.swift */ = {isa = PBXFileReference; lastKnownFileType = sourcecode.swift; path = ChartCollectionViewCell.swift; sourceTree = "<group>"; };
		FFE5DD2D2BFAEB39004EE3F7 /* CoreDataManager.swift */ = {isa = PBXFileReference; lastKnownFileType = sourcecode.swift; path = CoreDataManager.swift; sourceTree = "<group>"; };
		FFE5DD2F2BFAEE2B004EE3F7 /* DataReloadDelegate.swift */ = {isa = PBXFileReference; lastKnownFileType = sourcecode.swift; path = DataReloadDelegate.swift; sourceTree = "<group>"; };
/* End PBXFileReference section */

/* Begin PBXFrameworksBuildPhase section */
		FFE5DCB02BF1B463004EE3F7 /* Frameworks */ = {
			isa = PBXFrameworksBuildPhase;
			buildActionMask = 2147483647;
			files = (
				FFE5DD1E2BF6ED73004EE3F7 /* Kingfisher in Frameworks */,
				FFE5DD242BF6EDB2004EE3F7 /* SnapKit in Frameworks */,
				FFE5DD272BF6EDD2004EE3F7 /* DGCharts in Frameworks */,
				FFE5DD2A2BF78406004EE3F7 /* Alamofire in Frameworks */,
				FFE5DD212BF6EDA2004EE3F7 /* Then in Frameworks */,
				FFE5DD1B2BF6ED5C004EE3F7 /* Alamofire in Frameworks */,
			);
			runOnlyForDeploymentPostprocessing = 0;
		};
/* End PBXFrameworksBuildPhase section */

/* Begin PBXGroup section */
		9545B8022BF3077E00EE36B8 /* MyWeather */ = {
			isa = PBXGroup;
			children = (
				FFE5DCEE2BF3057C004EE3F7 /* MyWeatherPageTableViewCell.swift */,
				FFE5DCEF2BF3057C004EE3F7 /* MyWeatherPageTableViewController.swift */,
				FFE5DCF02BF3057C004EE3F7 /* MyWeatherPageViewController.swift */,
				7B09E6ED2BF1D91800248D0B /* SearchViewController.swift */,
			);
			path = MyWeather;
			sourceTree = "<group>";
		};
		9545B8052BF3081900EE36B8 /* MainWeather */ = {
			isa = PBXGroup;
			children = (
				9545B8062BF3085300EE36B8 /* MainViewController.swift */,
				9545B8082BF3252800EE36B8 /* StatusCell.swift */,
				9545B80A2BF3255A00EE36B8 /* TodayWeatherCell.swift */,
				95FE07E12BF35203004D2139 /* WeekWeatherCell.swift */,
				FFE5DD0A2BF5A798004EE3F7 /* ChartCollectionViewCell.swift */,
				95CB6EB52BF7604500C56685 /* StatusCellModel.swift */,
			);
			path = MainWeather;
			sourceTree = "<group>";
		};
		FFE5DCAA2BF1B463004EE3F7 = {
			isa = PBXGroup;
			children = (
				FFE5DCB52BF1B463004EE3F7 /* Weather4U */,
				FFE5DCB42BF1B463004EE3F7 /* Products */,
			);
			sourceTree = "<group>";
		};
		FFE5DCB42BF1B463004EE3F7 /* Products */ = {
			isa = PBXGroup;
			children = (
				FFE5DCB32BF1B463004EE3F7 /* Weather4U.app */,
			);
			name = Products;
			sourceTree = "<group>";
		};
		FFE5DCB52BF1B463004EE3F7 /* Weather4U */ = {
			isa = PBXGroup;
			children = (
				FFE5DD2C2BFAE677004EE3F7 /* Managers */,
				FFE5DD2B2BFAE5E8004EE3F7 /* Models */,
				95B07D9E2BF3C6BB00F80AC5 /* Alata-Regular */,
				FFE5DCB62BF1B463004EE3F7 /* AppDelegate.swift */,
				FFE5DCB82BF1B463004EE3F7 /* SceneDelegate.swift */,
				9545B8052BF3081900EE36B8 /* MainWeather */,
				9545B8022BF3077E00EE36B8 /* MyWeather */,
				FFE5DCBA2BF1B463004EE3F7 /* ViewController.swift */,
				FFE5DCEC2BF30302004EE3F7 /* BaseViewController.swift */,
				FFE5DCBC2BF1B463004EE3F7 /* Main.storyboard */,
				FFE5DCBF2BF1B463004EE3F7 /* Weather4U.xcdatamodeld */,
				FFE5DCC22BF1B465004EE3F7 /* Assets.xcassets */,
				FFE5DCC42BF1B465004EE3F7 /* LaunchScreen.storyboard */,
				FFE5DCC72BF1B465004EE3F7 /* Info.plist */,
				FFE5DD2F2BFAEE2B004EE3F7 /* DataReloadDelegate.swift */,
			);
			path = Weather4U;
			sourceTree = "<group>";
		};
		FFE5DD2B2BFAE5E8004EE3F7 /* Models */ = {
			isa = PBXGroup;
			children = (
				FFE5DD062BF38B18004EE3F7 /* weatherSentenceLocationData.json */,
				FFE5DD052BF38B18004EE3F7 /* weatherStatusLocationData.json */,
				FFE5DD042BF38B18004EE3F7 /* weatherTemperatureLocationData.json */,
				FFE5DCFC2BF32AF3004EE3F7 /* weatherLocationData.json */,
				FFE5DCFE2BF32C73004EE3F7 /* WeatherSentenceData.swift */,
				FFE5DD022BF36AD6004EE3F7 /* WeatherTemperatureData.swift */,
				95FE07DE2BF336F0004D2139 /* WeatherData.swift */,
				FFE5DCF42BF309E0004EE3F7 /* LocationData.swift */,
				FFE5DD002BF3630A004EE3F7 /* WeatherStatusData.swift */,
			);
			path = Models;
			sourceTree = "<group>";
		};
		FFE5DD2C2BFAE677004EE3F7 /* Managers */ = {
			isa = PBXGroup;
			children = (
				FFE5DCE22BF1E491004EE3F7 /* NetworkManager.swift */,
				FFE5DCE42BF203E6004EE3F7 /* CategoryManager.swift */,
				FFE5DCF82BF30CF0004EE3F7 /* JSONManager.swift */,
				FFE5DD2D2BFAEB39004EE3F7 /* CoreDataManager.swift */,
			);
			path = Managers;
			sourceTree = "<group>";
		};
/* End PBXGroup section */

/* Begin PBXNativeTarget section */
		FFE5DCB22BF1B463004EE3F7 /* Weather4U */ = {
			isa = PBXNativeTarget;
			buildConfigurationList = FFE5DCCA2BF1B465004EE3F7 /* Build configuration list for PBXNativeTarget "Weather4U" */;
			buildPhases = (
				FFE5DCAF2BF1B463004EE3F7 /* Sources */,
				FFE5DCB02BF1B463004EE3F7 /* Frameworks */,
				FFE5DCB12BF1B463004EE3F7 /* Resources */,
				7B01FB6A2BF468690063BADA /* Embed Frameworks */,
			);
			buildRules = (
			);
			dependencies = (
			);
			name = Weather4U;
			packageProductDependencies = (
				FFE5DD1A2BF6ED5C004EE3F7 /* Alamofire */,
				FFE5DD1D2BF6ED73004EE3F7 /* Kingfisher */,
				FFE5DD202BF6EDA2004EE3F7 /* Then */,
				FFE5DD232BF6EDB2004EE3F7 /* SnapKit */,
				FFE5DD262BF6EDD2004EE3F7 /* DGCharts */,
				FFE5DD292BF78406004EE3F7 /* Alamofire */,
			);
			productName = Weather4U;
			productReference = FFE5DCB32BF1B463004EE3F7 /* Weather4U.app */;
			productType = "com.apple.product-type.application";
		};
/* End PBXNativeTarget section */

/* Begin PBXProject section */
		FFE5DCAB2BF1B463004EE3F7 /* Project object */ = {
			isa = PBXProject;
			attributes = {
				BuildIndependentTargetsInParallel = 1;
				LastSwiftUpdateCheck = 1530;
				LastUpgradeCheck = 1530;
				TargetAttributes = {
					FFE5DCB22BF1B463004EE3F7 = {
						CreatedOnToolsVersion = 15.3;
					};
				};
			};
			buildConfigurationList = FFE5DCAE2BF1B463004EE3F7 /* Build configuration list for PBXProject "Weather4U" */;
			compatibilityVersion = "Xcode 14.0";
			developmentRegion = en;
			hasScannedForEncodings = 0;
			knownRegions = (
				en,
				Base,
			);
			mainGroup = FFE5DCAA2BF1B463004EE3F7;
			packageReferences = (
				FFE5DD192BF6ED5C004EE3F7 /* XCRemoteSwiftPackageReference "Then" */,
				FFE5DD1C2BF6ED73004EE3F7 /* XCRemoteSwiftPackageReference "Kingfisher" */,
				FFE5DD1F2BF6EDA2004EE3F7 /* XCRemoteSwiftPackageReference "Then" */,
				FFE5DD222BF6EDB2004EE3F7 /* XCRemoteSwiftPackageReference "SnapKit" */,
				FFE5DD252BF6EDD2004EE3F7 /* XCRemoteSwiftPackageReference "Charts" */,
				FFE5DD282BF78406004EE3F7 /* XCRemoteSwiftPackageReference "Alamofire" */,
			);
			productRefGroup = FFE5DCB42BF1B463004EE3F7 /* Products */;
			projectDirPath = "";
			projectRoot = "";
			targets = (
				FFE5DCB22BF1B463004EE3F7 /* Weather4U */,
			);
		};
/* End PBXProject section */

/* Begin PBXResourcesBuildPhase section */
		FFE5DCB12BF1B463004EE3F7 /* Resources */ = {
			isa = PBXResourcesBuildPhase;
			buildActionMask = 2147483647;
			files = (
				FFE5DCFD2BF32AF3004EE3F7 /* weatherLocationData.json in Resources */,
				FFE5DD092BF38B18004EE3F7 /* weatherSentenceLocationData.json in Resources */,
				FFE5DCC32BF1B465004EE3F7 /* Assets.xcassets in Resources */,
				FFE5DD082BF38B18004EE3F7 /* weatherStatusLocationData.json in Resources */,
				FFE5DCC62BF1B465004EE3F7 /* Base in Resources */,
				95B07D9F2BF3C6BB00F80AC5 /* Alata-Regular in Resources */,
				FFE5DD072BF38B18004EE3F7 /* weatherTemperatureLocationData.json in Resources */,
			);
			runOnlyForDeploymentPostprocessing = 0;
		};
/* End PBXResourcesBuildPhase section */

/* Begin PBXSourcesBuildPhase section */
		FFE5DCAF2BF1B463004EE3F7 /* Sources */ = {
			isa = PBXSourcesBuildPhase;
			buildActionMask = 2147483647;
			files = (
				FFE5DD012BF3630A004EE3F7 /* WeatherStatusData.swift in Sources */,
				95FE07DF2BF336F0004D2139 /* WeatherData.swift in Sources */,
				FFE5DCF12BF3057C004EE3F7 /* MyWeatherPageTableViewCell.swift in Sources */,
				FFE5DCE32BF1E491004EE3F7 /* NetworkManager.swift in Sources */,
				FFE5DCFF2BF32C73004EE3F7 /* WeatherSentenceData.swift in Sources */,
				FFE5DCBB2BF1B463004EE3F7 /* ViewController.swift in Sources */,
				FFE5DD2E2BFAEB39004EE3F7 /* CoreDataManager.swift in Sources */,
				7B09E6EF2BF1D91800248D0B /* SearchViewController.swift in Sources */,
				95FE07E22BF35203004D2139 /* WeekWeatherCell.swift in Sources */,
				7B09E6EF2BF1D91800248D0B /* SearchViewController.swift in Sources */,
				FFE5DCF22BF3057C004EE3F7 /* MyWeatherPageTableViewController.swift in Sources */,
				FFE5DCB72BF1B463004EE3F7 /* AppDelegate.swift in Sources */,
				FFE5DCED2BF30302004EE3F7 /* BaseViewController.swift in Sources */,
				FFE5DCB92BF1B463004EE3F7 /* SceneDelegate.swift in Sources */,
				95CB6EB62BF7604500C56685 /* StatusCellModel.swift in Sources */,
				FFE5DCF52BF309E0004EE3F7 /* LocationData.swift in Sources */,
				FFE5DCC12BF1B464004EE3F7 /* Weather4U.xcdatamodeld in Sources */,
				9545B80B2BF3255A00EE36B8 /* TodayWeatherCell.swift in Sources */,
				9545B8072BF3085300EE36B8 /* MainViewController.swift in Sources */,
				FFE5DD302BFAEE2B004EE3F7 /* DataReloadDelegate.swift in Sources */,
				9545B8092BF3252800EE36B8 /* StatusCell.swift in Sources */,
				FFE5DCF32BF3057C004EE3F7 /* MyWeatherPageViewController.swift in Sources */,
				FFE5DD032BF36AD6004EE3F7 /* WeatherTemperatureData.swift in Sources */,
				FFE5DD0B2BF5A798004EE3F7 /* ChartCollectionViewCell.swift in Sources */,
				FFE5DCF92BF30CF0004EE3F7 /* JSONManager.swift in Sources */,
				FFE5DCE52BF203E6004EE3F7 /* CategoryManager.swift in Sources */,
			);
			runOnlyForDeploymentPostprocessing = 0;
		};
/* End PBXSourcesBuildPhase section */

/* Begin PBXVariantGroup section */
		FFE5DCBC2BF1B463004EE3F7 /* Main.storyboard */ = {
			isa = PBXVariantGroup;
			children = (
				FFE5DCBD2BF1B463004EE3F7 /* Base */,
			);
			name = Main.storyboard;
			sourceTree = "<group>";
		};
		FFE5DCC42BF1B465004EE3F7 /* LaunchScreen.storyboard */ = {
			isa = PBXVariantGroup;
			children = (
				FFE5DCC52BF1B465004EE3F7 /* Base */,
			);
			name = LaunchScreen.storyboard;
			sourceTree = "<group>";
		};
/* End PBXVariantGroup section */

/* Begin XCBuildConfiguration section */
		FFE5DCC82BF1B465004EE3F7 /* Debug */ = {
			isa = XCBuildConfiguration;
			buildSettings = {
				ALWAYS_SEARCH_USER_PATHS = NO;
				ASSETCATALOG_COMPILER_GENERATE_SWIFT_ASSET_SYMBOL_EXTENSIONS = YES;
				CLANG_ANALYZER_NONNULL = YES;
				CLANG_ANALYZER_NUMBER_OBJECT_CONVERSION = YES_AGGRESSIVE;
				CLANG_CXX_LANGUAGE_STANDARD = "gnu++20";
				CLANG_ENABLE_MODULES = YES;
				CLANG_ENABLE_OBJC_ARC = YES;
				CLANG_ENABLE_OBJC_WEAK = YES;
				CLANG_WARN_BLOCK_CAPTURE_AUTORELEASING = YES;
				CLANG_WARN_BOOL_CONVERSION = YES;
				CLANG_WARN_COMMA = YES;
				CLANG_WARN_CONSTANT_CONVERSION = YES;
				CLANG_WARN_DEPRECATED_OBJC_IMPLEMENTATIONS = YES;
				CLANG_WARN_DIRECT_OBJC_ISA_USAGE = YES_ERROR;
				CLANG_WARN_DOCUMENTATION_COMMENTS = YES;
				CLANG_WARN_EMPTY_BODY = YES;
				CLANG_WARN_ENUM_CONVERSION = YES;
				CLANG_WARN_INFINITE_RECURSION = YES;
				CLANG_WARN_INT_CONVERSION = YES;
				CLANG_WARN_NON_LITERAL_NULL_CONVERSION = YES;
				CLANG_WARN_OBJC_IMPLICIT_RETAIN_SELF = YES;
				CLANG_WARN_OBJC_LITERAL_CONVERSION = YES;
				CLANG_WARN_OBJC_ROOT_CLASS = YES_ERROR;
				CLANG_WARN_QUOTED_INCLUDE_IN_FRAMEWORK_HEADER = YES;
				CLANG_WARN_RANGE_LOOP_ANALYSIS = YES;
				CLANG_WARN_STRICT_PROTOTYPES = YES;
				CLANG_WARN_SUSPICIOUS_MOVE = YES;
				CLANG_WARN_UNGUARDED_AVAILABILITY = YES_AGGRESSIVE;
				CLANG_WARN_UNREACHABLE_CODE = YES;
				CLANG_WARN__DUPLICATE_METHOD_MATCH = YES;
				COPY_PHASE_STRIP = NO;
				DEBUG_INFORMATION_FORMAT = dwarf;
				ENABLE_STRICT_OBJC_MSGSEND = YES;
				ENABLE_TESTABILITY = YES;
				ENABLE_USER_SCRIPT_SANDBOXING = YES;
				GCC_C_LANGUAGE_STANDARD = gnu17;
				GCC_DYNAMIC_NO_PIC = NO;
				GCC_NO_COMMON_BLOCKS = YES;
				GCC_OPTIMIZATION_LEVEL = 0;
				GCC_PREPROCESSOR_DEFINITIONS = (
					"DEBUG=1",
					"$(inherited)",
				);
				GCC_WARN_64_TO_32_BIT_CONVERSION = YES;
				GCC_WARN_ABOUT_RETURN_TYPE = YES_ERROR;
				GCC_WARN_UNDECLARED_SELECTOR = YES;
				GCC_WARN_UNINITIALIZED_AUTOS = YES_AGGRESSIVE;
				GCC_WARN_UNUSED_FUNCTION = YES;
				GCC_WARN_UNUSED_VARIABLE = YES;
				IPHONEOS_DEPLOYMENT_TARGET = 15.0;
				LOCALIZATION_PREFERS_STRING_CATALOGS = YES;
				MTL_ENABLE_DEBUG_INFO = INCLUDE_SOURCE;
				MTL_FAST_MATH = YES;
				ONLY_ACTIVE_ARCH = YES;
				SDKROOT = iphoneos;
				SWIFT_ACTIVE_COMPILATION_CONDITIONS = "DEBUG $(inherited)";
				SWIFT_OPTIMIZATION_LEVEL = "-Onone";
			};
			name = Debug;
		};
		FFE5DCC92BF1B465004EE3F7 /* Release */ = {
			isa = XCBuildConfiguration;
			buildSettings = {
				ALWAYS_SEARCH_USER_PATHS = NO;
				ASSETCATALOG_COMPILER_GENERATE_SWIFT_ASSET_SYMBOL_EXTENSIONS = YES;
				CLANG_ANALYZER_NONNULL = YES;
				CLANG_ANALYZER_NUMBER_OBJECT_CONVERSION = YES_AGGRESSIVE;
				CLANG_CXX_LANGUAGE_STANDARD = "gnu++20";
				CLANG_ENABLE_MODULES = YES;
				CLANG_ENABLE_OBJC_ARC = YES;
				CLANG_ENABLE_OBJC_WEAK = YES;
				CLANG_WARN_BLOCK_CAPTURE_AUTORELEASING = YES;
				CLANG_WARN_BOOL_CONVERSION = YES;
				CLANG_WARN_COMMA = YES;
				CLANG_WARN_CONSTANT_CONVERSION = YES;
				CLANG_WARN_DEPRECATED_OBJC_IMPLEMENTATIONS = YES;
				CLANG_WARN_DIRECT_OBJC_ISA_USAGE = YES_ERROR;
				CLANG_WARN_DOCUMENTATION_COMMENTS = YES;
				CLANG_WARN_EMPTY_BODY = YES;
				CLANG_WARN_ENUM_CONVERSION = YES;
				CLANG_WARN_INFINITE_RECURSION = YES;
				CLANG_WARN_INT_CONVERSION = YES;
				CLANG_WARN_NON_LITERAL_NULL_CONVERSION = YES;
				CLANG_WARN_OBJC_IMPLICIT_RETAIN_SELF = YES;
				CLANG_WARN_OBJC_LITERAL_CONVERSION = YES;
				CLANG_WARN_OBJC_ROOT_CLASS = YES_ERROR;
				CLANG_WARN_QUOTED_INCLUDE_IN_FRAMEWORK_HEADER = YES;
				CLANG_WARN_RANGE_LOOP_ANALYSIS = YES;
				CLANG_WARN_STRICT_PROTOTYPES = YES;
				CLANG_WARN_SUSPICIOUS_MOVE = YES;
				CLANG_WARN_UNGUARDED_AVAILABILITY = YES_AGGRESSIVE;
				CLANG_WARN_UNREACHABLE_CODE = YES;
				CLANG_WARN__DUPLICATE_METHOD_MATCH = YES;
				COPY_PHASE_STRIP = NO;
				DEBUG_INFORMATION_FORMAT = "dwarf-with-dsym";
				ENABLE_NS_ASSERTIONS = NO;
				ENABLE_STRICT_OBJC_MSGSEND = YES;
				ENABLE_USER_SCRIPT_SANDBOXING = YES;
				GCC_C_LANGUAGE_STANDARD = gnu17;
				GCC_NO_COMMON_BLOCKS = YES;
				GCC_WARN_64_TO_32_BIT_CONVERSION = YES;
				GCC_WARN_ABOUT_RETURN_TYPE = YES_ERROR;
				GCC_WARN_UNDECLARED_SELECTOR = YES;
				GCC_WARN_UNINITIALIZED_AUTOS = YES_AGGRESSIVE;
				GCC_WARN_UNUSED_FUNCTION = YES;
				GCC_WARN_UNUSED_VARIABLE = YES;
				IPHONEOS_DEPLOYMENT_TARGET = 15.0;
				LOCALIZATION_PREFERS_STRING_CATALOGS = YES;
				MTL_ENABLE_DEBUG_INFO = NO;
				MTL_FAST_MATH = YES;
				SDKROOT = iphoneos;
				SWIFT_COMPILATION_MODE = wholemodule;
				VALIDATE_PRODUCT = YES;
			};
			name = Release;
		};
		FFE5DCCB2BF1B465004EE3F7 /* Debug */ = {
			isa = XCBuildConfiguration;
			buildSettings = {
				ASSETCATALOG_COMPILER_APPICON_NAME = AppIcon;
				ASSETCATALOG_COMPILER_GLOBAL_ACCENT_COLOR_NAME = AccentColor;
				CODE_SIGN_STYLE = Automatic;
				CURRENT_PROJECT_VERSION = 1;
				DEVELOPMENT_TEAM = "";
				GENERATE_INFOPLIST_FILE = YES;
				INFOPLIST_FILE = Weather4U/Info.plist;
				INFOPLIST_KEY_UIApplicationSupportsIndirectInputEvents = YES;
				INFOPLIST_KEY_UILaunchStoryboardName = LaunchScreen;
				INFOPLIST_KEY_UISupportedInterfaceOrientations_iPad = "UIInterfaceOrientationPortrait UIInterfaceOrientationPortraitUpsideDown UIInterfaceOrientationLandscapeLeft UIInterfaceOrientationLandscapeRight";
				INFOPLIST_KEY_UISupportedInterfaceOrientations_iPhone = "UIInterfaceOrientationPortrait UIInterfaceOrientationLandscapeLeft UIInterfaceOrientationLandscapeRight";
				IPHONEOS_DEPLOYMENT_TARGET = 15.0;
				LD_RUNPATH_SEARCH_PATHS = (
					"$(inherited)",
					"@executable_path/Frameworks",
				);
				MARKETING_VERSION = 1.0;
				PRODUCT_BUNDLE_IDENTIFIER = com.F4ex.Weather4U;
				PRODUCT_NAME = "$(TARGET_NAME)";
				SWIFT_EMIT_LOC_STRINGS = YES;
				SWIFT_VERSION = 5.0;
				TARGETED_DEVICE_FAMILY = "1,2";
			};
			name = Debug;
		};
		FFE5DCCC2BF1B465004EE3F7 /* Release */ = {
			isa = XCBuildConfiguration;
			buildSettings = {
				ASSETCATALOG_COMPILER_APPICON_NAME = AppIcon;
				ASSETCATALOG_COMPILER_GLOBAL_ACCENT_COLOR_NAME = AccentColor;
				CODE_SIGN_STYLE = Automatic;
				CURRENT_PROJECT_VERSION = 1;
				DEVELOPMENT_TEAM = "";
				GENERATE_INFOPLIST_FILE = YES;
				INFOPLIST_FILE = Weather4U/Info.plist;
				INFOPLIST_KEY_UIApplicationSupportsIndirectInputEvents = YES;
				INFOPLIST_KEY_UILaunchStoryboardName = LaunchScreen;
				INFOPLIST_KEY_UISupportedInterfaceOrientations_iPad = "UIInterfaceOrientationPortrait UIInterfaceOrientationPortraitUpsideDown UIInterfaceOrientationLandscapeLeft UIInterfaceOrientationLandscapeRight";
				INFOPLIST_KEY_UISupportedInterfaceOrientations_iPhone = "UIInterfaceOrientationPortrait UIInterfaceOrientationLandscapeLeft UIInterfaceOrientationLandscapeRight";
				IPHONEOS_DEPLOYMENT_TARGET = 15.0;
				LD_RUNPATH_SEARCH_PATHS = (
					"$(inherited)",
					"@executable_path/Frameworks",
				);
				MARKETING_VERSION = 1.0;
				PRODUCT_BUNDLE_IDENTIFIER = com.F4ex.Weather4U;
				PRODUCT_NAME = "$(TARGET_NAME)";
				SWIFT_EMIT_LOC_STRINGS = YES;
				SWIFT_VERSION = 5.0;
				TARGETED_DEVICE_FAMILY = "1,2";
			};
			name = Release;
		};
/* End XCBuildConfiguration section */

/* Begin XCConfigurationList section */
		FFE5DCAE2BF1B463004EE3F7 /* Build configuration list for PBXProject "Weather4U" */ = {
			isa = XCConfigurationList;
			buildConfigurations = (
				FFE5DCC82BF1B465004EE3F7 /* Debug */,
				FFE5DCC92BF1B465004EE3F7 /* Release */,
			);
			defaultConfigurationIsVisible = 0;
			defaultConfigurationName = Release;
		};
		FFE5DCCA2BF1B465004EE3F7 /* Build configuration list for PBXNativeTarget "Weather4U" */ = {
			isa = XCConfigurationList;
			buildConfigurations = (
				FFE5DCCB2BF1B465004EE3F7 /* Debug */,
				FFE5DCCC2BF1B465004EE3F7 /* Release */,
			);
			defaultConfigurationIsVisible = 0;
			defaultConfigurationName = Release;
		};
/* End XCConfigurationList section */

/* Begin XCRemoteSwiftPackageReference section */
		FFE5DD192BF6ED5C004EE3F7 /* XCRemoteSwiftPackageReference "Then" */ = {
			isa = XCRemoteSwiftPackageReference;
			repositoryURL = "https://github.com/devxoul/Then.git";
			requirement = {
				kind = upToNextMajorVersion;
				minimumVersion = 3.0.0;
			};
		};
		FFE5DD1C2BF6ED73004EE3F7 /* XCRemoteSwiftPackageReference "Kingfisher" */ = {
			isa = XCRemoteSwiftPackageReference;
			repositoryURL = "https://github.com/onevcat/Kingfisher.git";
			requirement = {
				kind = upToNextMajorVersion;
				minimumVersion = 7.11.0;
			};
		};
		FFE5DD1F2BF6EDA2004EE3F7 /* XCRemoteSwiftPackageReference "Then" */ = {
			isa = XCRemoteSwiftPackageReference;
			repositoryURL = "https://github.com/devxoul/Then";
			requirement = {
				kind = exactVersion;
				version = 3.0.0;
			};
		};
		FFE5DD222BF6EDB2004EE3F7 /* XCRemoteSwiftPackageReference "SnapKit" */ = {
			isa = XCRemoteSwiftPackageReference;
			repositoryURL = "https://github.com/SnapKit/SnapKit";
			requirement = {
				kind = exactVersion;
				version = 5.7.1;
			};
		};
		FFE5DD252BF6EDD2004EE3F7 /* XCRemoteSwiftPackageReference "Charts" */ = {
			isa = XCRemoteSwiftPackageReference;
			repositoryURL = "https://github.com/ChartsOrg/Charts.git";
			requirement = {
				kind = upToNextMajorVersion;
				minimumVersion = 5.1.0;
			};
		};
		FFE5DD282BF78406004EE3F7 /* XCRemoteSwiftPackageReference "Alamofire" */ = {
			isa = XCRemoteSwiftPackageReference;
			repositoryURL = "https://github.com/Alamofire/Alamofire";
			requirement = {
				kind = exactVersion;
				version = 5.9.1;
			};
		};
/* End XCRemoteSwiftPackageReference section */

/* Begin XCSwiftPackageProductDependency section */
		FFE5DD1A2BF6ED5C004EE3F7 /* Alamofire */ = {
			isa = XCSwiftPackageProductDependency;
			package = FFE5DD192BF6ED5C004EE3F7 /* XCRemoteSwiftPackageReference "Then" */;
			productName = Alamofire;
		};
		FFE5DD1D2BF6ED73004EE3F7 /* Kingfisher */ = {
			isa = XCSwiftPackageProductDependency;
			package = FFE5DD1C2BF6ED73004EE3F7 /* XCRemoteSwiftPackageReference "Kingfisher" */;
			productName = Kingfisher;
		};
		FFE5DD202BF6EDA2004EE3F7 /* Then */ = {
			isa = XCSwiftPackageProductDependency;
			package = FFE5DD1F2BF6EDA2004EE3F7 /* XCRemoteSwiftPackageReference "Then" */;
			productName = Then;
		};
		FFE5DD232BF6EDB2004EE3F7 /* SnapKit */ = {
			isa = XCSwiftPackageProductDependency;
			package = FFE5DD222BF6EDB2004EE3F7 /* XCRemoteSwiftPackageReference "SnapKit" */;
			productName = SnapKit;
		};
		FFE5DD262BF6EDD2004EE3F7 /* DGCharts */ = {
			isa = XCSwiftPackageProductDependency;
			package = FFE5DD252BF6EDD2004EE3F7 /* XCRemoteSwiftPackageReference "Charts" */;
			productName = DGCharts;
		};
		FFE5DD292BF78406004EE3F7 /* Alamofire */ = {
			isa = XCSwiftPackageProductDependency;
			package = FFE5DD282BF78406004EE3F7 /* XCRemoteSwiftPackageReference "Alamofire" */;
			productName = Alamofire;
		};
/* End XCSwiftPackageProductDependency section */

/* Begin XCVersionGroup section */
		FFE5DCBF2BF1B463004EE3F7 /* Weather4U.xcdatamodeld */ = {
			isa = XCVersionGroup;
			children = (
				FFE5DCC02BF1B463004EE3F7 /* Weather4U.xcdatamodel */,
			);
			currentVersion = FFE5DCC02BF1B463004EE3F7 /* Weather4U.xcdatamodel */;
			path = Weather4U.xcdatamodeld;
			sourceTree = "<group>";
			versionGroupType = wrapper.xcdatamodel;
		};
/* End XCVersionGroup section */
	};
	rootObject = FFE5DCAB2BF1B463004EE3F7 /* Project object */;
}
